{
  "version": 4,
  "terraform_version": "1.14.7",
  "serial": 165,
  "lineage": "aafe9d94-bf79-a8c8-0182-4c62171ad0af",
  "outputs": {},
  "resources": [
    {
      "mode": "managed",
      "type": "azurerm_resource_group",
      "name": "rg",
      "provider": "provider[\"registry.terraform.io/hashicorp/azurerm\"]",
      "instances": [
        {
          "schema_version": 0,
          "attributes": {
            "id": "/subscriptions/0bdfd4b2-c08e-4e2e-8394-b349cf89485c/resourceGroups/project4-rg",
            "location": "eastus",
            "managed_by": "",
            "name": "project4-rg",
            "tags": {},
            "timeouts": null
          },
          "sensitive_attributes": [],
          "identity_schema_version": 0,
          "identity": {
            "name": "project4-rg",
            "subscription_id": "0bdfd4b2-c08e-4e2e-8394-b349cf89485c"
          },
          "private": "eyJlMmJmYjczMC1lY2FhLTExZTYtOGY4OC0zNDM2M2JjN2M0YzAiOnsiY3JlYXRlIjo1NDAwMDAwMDAwMDAwLCJkZWxldGUiOjU0MDAwMDAwMDAwMDAsInJlYWQiOjMwMDAwMDAwMDAwMCwidXBkYXRlIjo1NDAwMDAwMDAwMDAwfX0="
        }
      ]
    },
    {
      "module": "module.compute",
      "mode": "managed",
      "type": "azurerm_public_ip",
      "name": "pip",
      "provider": "provider[\"registry.terraform.io/hashicorp/azurerm\"]",
      "instances": [
        {
          "schema_version": 0,
          "attributes": {
            "allocation_method": "Static",
            "ddos_protection_mode": "VirtualNetworkInherited",
            "ddos_protection_plan_id": null,
            "domain_name_label": null,
            "domain_name_label_scope": null,
            "edge_zone": "",
            "fqdn": null,
            "id": "/subscriptions/0bdfd4b2-c08e-4e2e-8394-b349cf89485c/resourceGroups/project4-rg/providers/Microsoft.Network/publicIPAddresses/project4-pip",
            "idle_timeout_in_minutes": 4,
            "ip_address": "40.76.229.111",
            "ip_tags": {},
            "ip_version": "IPv4",
            "location": "eastus",
            "name": "project4-pip",
            "public_ip_prefix_id": null,
            "resource_group_name": "project4-rg",
            "reverse_fqdn": null,
            "sku": "Standard",
            "sku_tier": "Regional",
            "tags": {},
            "timeouts": null,
            "zones": []
          },
          "sensitive_attributes": [],
          "identity_schema_version": 0,
          "identity": {
            "name": "project4-pip",
            "resource_group_name": "project4-rg",
            "subscription_id": "0bdfd4b2-c08e-4e2e-8394-b349cf89485c"
          },
          "private": "eyJlMmJmYjczMC1lY2FhLTExZTYtOGY4OC0zNDM2M2JjN2M0YzAiOnsiY3JlYXRlIjoxODAwMDAwMDAwMDAwLCJkZWxldGUiOjE4MDAwMDAwMDAwMDAsInJlYWQiOjMwMDAwMDAwMDAwMCwidXBkYXRlIjoxODAwMDAwMDAwMDAwfX0=",
          "dependencies": [
            "azurerm_resource_group.rg"
          ]
        }
      ]
    },
    {
      "module": "module.network",
      "mode": "managed",
      "type": "azurerm_virtual_network",
      "name": "vnet",
      "provider": "provider[\"registry.terraform.io/hashicorp/azurerm\"]",
      "instances": [
        {
          "schema_version": 0,
          "attributes": {
            "address_space": [
              "10.0.0.0/16"
            ],
            "bgp_community": "",
            "ddos_protection_plan": [],
            "dns_servers": [],
            "edge_zone": "",
            "encryption": [],
            "flow_timeout_in_minutes": 0,
            "guid": "c43d28ed-0e13-4f5a-a942-275bcb454a9d",
            "id": "/subscriptions/0bdfd4b2-c08e-4e2e-8394-b349cf89485c/resourceGroups/project4-rg/providers/Microsoft.Network/virtualNetworks/project4-vnet",
            "ip_address_pool": [],
            "location": "eastus",
            "name": "project4-vnet",
            "private_endpoint_vnet_policies": "Disabled",
            "resource_group_name": "project4-rg",
            "subnet": [
              {
                "address_prefixes": [
                  "10.0.1.0/24"
                ],
                "default_outbound_access_enabled": true,
                "delegation": [],
                "id": "/subscriptions/0bdfd4b2-c08e-4e2e-8394-b349cf89485c/resourceGroups/project4-rg/providers/Microsoft.Network/virtualNetworks/project4-vnet/subnets/project4-subnet",
                "name": "project4-subnet",
                "private_endpoint_network_policies": "Disabled",
                "private_link_service_network_policies_enabled": true,
                "route_table_id": "",
                "security_group": "",
                "service_endpoint_policy_ids": [],
                "service_endpoints": []
              }
            ],
            "tags": {},
            "timeouts": null
          },
          "sensitive_attributes": [],
          "identity_schema_version": 0,
          "identity": {
            "name": "project4-vnet",
            "resource_group_name": "project4-rg",
            "subscription_id": "0bdfd4b2-c08e-4e2e-8394-b349cf89485c"
          },
          "private": "eyJlMmJmYjczMC1lY2FhLTExZTYtOGY4OC0zNDM2M2JjN2M0YzAiOnsiY3JlYXRlIjoxODAwMDAwMDAwMDAwLCJkZWxldGUiOjE4MDAwMDAwMDAwMDAsInJlYWQiOjMwMDAwMDAwMDAwMCwidXBkYXRlIjoxODAwMDAwMDAwMDAwfX0=",
          "dependencies": [
            "azurerm_resource_group.rg"
          ]
        }
      ]
    }
  ],
  "check_results": null
}
